<?xml version="1.0" encoding="UTF-8"?>
<Scheme
   LastUpgradeVersion = "1210"
   version = "1.8">
   <BuildAction
      parallelizeBuildables = "YES"
      buildImplicitDependencies = "YES">
      <BuildActionEntries>
         <BuildActionEntry
            buildForTesting = "YES"
            buildForRunning = "YES"
            buildForProfiling = "YES"
            buildForArchiving = "YES"
            buildForAnalyzing = "YES">
            <BuildableReference
               BuildableIdentifier = "primary"
               BlueprintIdentifier = "13B07F861A680F5B00A75B9A"
               BuildableName = "ticketlandMobileApp.app"
               BlueprintName = "ticketlandMobileApp"
               ReferencedContainer = "container:ticketlandMobileApp.xcodeproj">
            </BuildableReference>
         </BuildActionEntry>
      </BuildActionEntries>
   </BuildAction>
   <TestAction
      buildConfiguration = "Debug"
      selectedDebuggerIdentifier = "Xcode.DebuggerFoundation.Debugger.LLDB"
      selectedLauncherIdentifier = "Xcode.DebuggerFoundation.Launcher.LLDB"
      shouldUseLaunchSchemeArgsEnv = "YES">
      <Testables>
         <TestableReference
            skipped = "NO">
            <BuildableReference
               BuildableIdentifier = "primary"
               BlueprintIdentifier = "00E356ED1AD99517003FC87E"
               BuildableName = "ticketlandMobileAppTests.xctest"
               BlueprintName = "ticketlandMobileAppTests"
               ReferencedContainer = "container:ticketlandMobileApp.xcodeproj">
            </BuildableReference>
         </TestableReference>
      </Testables>
   </TestAction>
   <LaunchAction
      buildConfiguration = "Release"
      selectedDebuggerIdentifier = "Xcode.DebuggerFoundation.Debugger.LLDB"
      selectedLauncherIdentifier = "Xcode.DebuggerFoundation.Launcher.LLDB"
      launchStyle = "0"
      useCustomWorkingDirectory = "NO"
      ignoresPersistentStateOnLaunch = "NO"
      debugDocumentVersioning = "YES"
      debugServiceExtension = "internal"
      allowLocationSimulation = "YES">
      <BuildableProductRunnable
         runnableDebuggingMode = "0">
         <BuildableReference
            BuildableIdentifier = "primary"
            BlueprintIdentifier = "13B07F861A680F5B00A75B9A"
            BuildableName = "ticketlandMobileApp.app"
            BlueprintName = "ticketlandMobileApp"
            ReferencedContainer = "container:ticketlandMobileApp.xcodeproj">
         </BuildableReference>
      </BuildableProductRunnable>
      <EnvironmentVariables>
         <EnvironmentVariable
            key = "TICKETLAND_API"
            value = "https://ticketland-api.ticketland.io"
            isEnabled = "YES">
         </EnvironmentVariable>
         <EnvironmentVariable
            key = "VAULT"
            value = "https://vault.ticketland.io/v1"
            isEnabled = "YES">
         </EnvironmentVariable>
         <EnvironmentVariable
            key = "TICKETLAND_API_PUBKEY"
            value = "WzEzNSwxMzcsMjM0LDE0MSwxNTgsMTc2LDIxMCwyMTQsMTMsOTMsMTc3LDEwMyw3Miw4MiwyMTAsODcsMTEyLDI1MiwyMTIsMTE4LDE0NSwyNDcsMTYsMjU1LDgsMTEsMTM0LDE1MywxNzMsMzgsMjQ4LDExOF0"
            isEnabled = "YES">
         </EnvironmentVariable>
         <EnvironmentVariable
            key = "CLUSTER_ENDPOINT"
            value = "https://api.testnet.solana.com"
            isEnabled = "YES">
         </EnvironmentVariable>
         <EnvironmentVariable
            key = "EUTOPIC_API"
            value = "https://eutopic-api.ticketland.io"
            isEnabled = "YES">
         </EnvironmentVariable>
      </EnvironmentVariables>
   </LaunchAction>
   <ProfileAction
      buildConfiguration = "Release"
      shouldUseLaunchSchemeArgsEnv = "YES"
      savedToolIdentifier = ""
      useCustomWorkingDirectory = "NO"
      debugDocumentVersioning = "YES">
      <BuildableProductRunnable
         runnableDebuggingMode = "0">
         <BuildableReference
            BuildableIdentifier = "primary"
            BlueprintIdentifier = "13B07F861A680F5B00A75B9A"
            BuildableName = "ticketlandMobileApp.app"
            BlueprintName = "ticketlandMobileApp"
            ReferencedContainer = "container:ticketlandMobileApp.xcodeproj">
         </BuildableReference>
      </BuildableProductRunnable>
   </ProfileAction>
   <AnalyzeAction
      buildConfiguration = "Debug">
   </AnalyzeAction>
   <ArchiveAction
      buildConfiguration = "Release"
      revealArchiveInticketland = "YES"
      revealArchiveInOrganizer = "YES">
   </ArchiveAction>
</Scheme>
